
Microsoft Visual Studio Solution File, Format Version 12.00
# Visual Studio 14
VisualStudioVersion = 14.0.23107.0
MinimumVisualStudioVersion = 10.0.40219.1
Project("{FAE04EC0-301F-11D3-BF4B-00C04F79EFBC}") = "DigitalAppaloosa.UserInterface", "DigitalAppaloosa.UserInterface\DigitalAppaloosa.UserInterface.csproj", "{C6C97957-EE05-4B72-A157-84B873023DDB}"
EndProject
Project("{2150E333-8FDC-42A3-9474-1A3956D46DE8}") = "Modules", "Modules", "{2AB8CD19-79A9-46F8-AFF5-D6CA07F4DD1A}"
EndProject
Project("{FAE04EC0-301F-11D3-BF4B-00C04F79EFBC}") = "DigitalAppaloosa.Modules.Experimental", "Modules\DigitalAppaloosa.Modules.Experimental\DigitalAppaloosa.Modules.Experimental.csproj", "{F2467528-E68C-4C68-884C-16B06E0785F2}"
EndProject
Project("{FAE04EC0-301F-11D3-BF4B-00C04F79EFBC}") = "DigitalAppaloosa.Shared", "DigitalAppaloosa.Shared\DigitalAppaloosa.Shared.csproj", "{A674F183-292A-4971-8EAD-0C84E43BE451}"
EndProject
Project("{FAE04EC0-301F-11D3-BF4B-00C04F79EFBC}") = "DigitalAppaloosa.Modules.Drafting", "Modules\DigitalAppaloosa.Modules.Drafting\DigitalAppaloosa.Modules.Drafting.csproj", "{500FF477-6433-4A64-8F8C-E3DAD945E8D0}"
EndProject
Project("{FAE04EC0-301F-11D3-BF4B-00C04F79EFBC}") = "DigitalAppaloosa.Windows", "DigitalAppaloosa.Windows\DigitalAppaloosa.Windows.csproj", "{D5AD372B-2F09-41EA-8B4B-E0089BCBF535}"
EndProject
Project("{FAE04EC0-301F-11D3-BF4B-00C04F79EFBC}") = "DigitalAppaloosa.Contracts", "DigitalAppaloosa.Contracts\DigitalAppaloosa.Contracts.csproj", "{5D69FE2A-834C-427A-A190-358DC8FB203A}"
EndProject
Global
	GlobalSection(SolutionConfigurationPlatforms) = preSolution
		Debug|Any CPU = Debug|Any CPU
		Release|Any CPU = Release|Any CPU
	EndGlobalSection
	GlobalSection(ProjectConfigurationPlatforms) = postSolution
		{C6C97957-EE05-4B72-A157-84B873023DDB}.Debug|Any CPU.ActiveCfg = Debug|Any CPU
		{C6C97957-EE05-4B72-A157-84B873023DDB}.Debug|Any CPU.Build.0 = Debug|Any CPU
		{C6C97957-EE05-4B72-A157-84B873023DDB}.Release|Any CPU.ActiveCfg = Release|Any CPU
		{C6C97957-EE05-4B72-A157-84B873023DDB}.Release|Any CPU.Build.0 = Release|Any CPU
		{F2467528-E68C-4C68-884C-16B06E0785F2}.Debug|Any CPU.ActiveCfg = Debug|Any CPU
		{F2467528-E68C-4C68-884C-16B06E0785F2}.Debug|Any CPU.Build.0 = Debug|Any CPU
		{F2467528-E68C-4C68-884C-16B06E0785F2}.Release|Any CPU.ActiveCfg = Release|Any CPU
		{F2467528-E68C-4C68-884C-16B06E0785F2}.Release|Any CPU.Build.0 = Release|Any CPU
		{A674F183-292A-4971-8EAD-0C84E43BE451}.Debug|Any CPU.ActiveCfg = Debug|Any CPU
		{A674F183-292A-4971-8EAD-0C84E43BE451}.Debug|Any CPU.Build.0 = Debug|Any CPU
		{A674F183-292A-4971-8EAD-0C84E43BE451}.Release|Any CPU.ActiveCfg = Release|Any CPU
		{A674F183-292A-4971-8EAD-0C84E43BE451}.Release|Any CPU.Build.0 = Release|Any CPU
		{500FF477-6433-4A64-8F8C-E3DAD945E8D0}.Debug|Any CPU.ActiveCfg = Debug|Any CPU
		{500FF477-6433-4A64-8F8C-E3DAD945E8D0}.Debug|Any CPU.Build.0 = Debug|Any CPU
		{500FF477-6433-4A64-8F8C-E3DAD945E8D0}.Release|Any CPU.ActiveCfg = Release|Any CPU
		{500FF477-6433-4A64-8F8C-E3DAD945E8D0}.Release|Any CPU.Build.0 = Release|Any CPU
		{D5AD372B-2F09-41EA-8B4B-E0089BCBF535}.Debug|Any CPU.ActiveCfg = Debug|Any CPU
		{D5AD372B-2F09-41EA-8B4B-E0089BCBF535}.Debug|Any CPU.Build.0 = Debug|Any CPU
		{D5AD372B-2F09-41EA-8B4B-E0089BCBF535}.Release|Any CPU.ActiveCfg = Release|Any CPU
		{D5AD372B-2F09-41EA-8B4B-E0089BCBF535}.Release|Any CPU.Build.0 = Release|Any CPU
		{5D69FE2A-834C-427A-A190-358DC8FB203A}.Debug|Any CPU.ActiveCfg = Debug|Any CPU
		{5D69FE2A-834C-427A-A190-358DC8FB203A}.Debug|Any CPU.Build.0 = Debug|Any CPU
		{5D69FE2A-834C-427A-A190-358DC8FB203A}.Release|Any CPU.ActiveCfg = Release|Any CPU
		{5D69FE2A-834C-427A-A190-358DC8FB203A}.Release|Any CPU.Build.0 = Release|Any CPU
	EndGlobalSection
	GlobalSection(SolutionProperties) = preSolution
		HideSolutionNode = FALSE
	EndGlobalSection
	GlobalSection(NestedProjects) = preSolution
		{F2467528-E68C-4C68-884C-16B06E0785F2} = {2AB8CD19-79A9-46F8-AFF5-D6CA07F4DD1A}
		{500FF477-6433-4A64-8F8C-E3DAD945E8D0} = {2AB8CD19-79A9-46F8-AFF5-D6CA07F4DD1A}
	EndGlobalSection
EndGlobal
